
Microsoft Visual Studio Solution File, Format Version 12.00
# Visual Studio Version 17
VisualStudioVersion = 17.0.31903.59
MinimumVisualStudioVersion = 10.0.40219.1
Project("{9A19103F-16F7-4668-BE54-9A1E7A4F7556}") = "SepCityCMS.Server", "SepCityCMS\Server\SepCityCMS.Server.csproj", "{F9BA2335-4F15-49BF-BE22-2A2B2DA8C6CB}"
EndProject
Project("{9A19103F-16F7-4668-BE54-9A1E7A4F7556}") = "SepCityCMS.Client", "SepCityCMS\Client\SepCityCMS.Client.csproj", "{3A1EA226-D129-4A50-AAE2-9A29A3627DE9}"
EndProject
Project("{9A19103F-16F7-4668-BE54-9A1E7A4F7556}") = "SepCityCMS.Models", "SepCityCMS\Models\SepCityCMS.Models.csproj", "{B862FFE7-BEF3-4CE0-87C4-06A5793F98D5}"
EndProject
Global
	GlobalSection(SolutionConfigurationPlatforms) = preSolution
		Debug|Any CPU = Debug|Any CPU
		Release|Any CPU = Release|Any CPU
	EndGlobalSection
	GlobalSection(ProjectConfigurationPlatforms) = postSolution
		{F9BA2335-4F15-49BF-BE22-2A2B2DA8C6CB}.Debug|Any CPU.ActiveCfg = Debug|Any CPU
		{F9BA2335-4F15-49BF-BE22-2A2B2DA8C6CB}.Debug|Any CPU.Build.0 = Debug|Any CPU
		{F9BA2335-4F15-49BF-BE22-2A2B2DA8C6CB}.Release|Any CPU.ActiveCfg = Release|Any CPU
		{F9BA2335-4F15-49BF-BE22-2A2B2DA8C6CB}.Release|Any CPU.Build.0 = Release|Any CPU
		{3A1EA226-D129-4A50-AAE2-9A29A3627DE9}.Debug|Any CPU.ActiveCfg = Debug|Any CPU
		{3A1EA226-D129-4A50-AAE2-9A29A3627DE9}.Debug|Any CPU.Build.0 = Debug|Any CPU
		{3A1EA226-D129-4A50-AAE2-9A29A3627DE9}.Release|Any CPU.ActiveCfg = Release|Any CPU
		{3A1EA226-D129-4A50-AAE2-9A29A3627DE9}.Release|Any CPU.Build.0 = Release|Any CPU
		{B862FFE7-BEF3-4CE0-87C4-06A5793F98D5}.Debug|Any CPU.ActiveCfg = Debug|Any CPU
		{B862FFE7-BEF3-4CE0-87C4-06A5793F98D5}.Debug|Any CPU.Build.0 = Debug|Any CPU
		{B862FFE7-BEF3-4CE0-87C4-06A5793F98D5}.Release|Any CPU.ActiveCfg = Release|Any CPU
		{B862FFE7-BEF3-4CE0-87C4-06A5793F98D5}.Release|Any CPU.Build.0 = Release|Any CPU
	EndGlobalSection
	GlobalSection(SolutionProperties) = preSolution
		HideSolutionNode = FALSE
	EndGlobalSection
	GlobalSection(ExtensibilityGlobals) = postSolution
		SolutionGuid = {BEDD7C1F-AEFE-4709-A46F-258C449C441E}
	EndGlobalSection
EndGlobal
